
Microsoft Visual Studio Solution File, Format Version 12.00
# Visual Studio Version 16
VisualStudioVersion = 16.0.29806.167
MinimumVisualStudioVersion = 10.0.40219.1
Project("{FAE04EC0-301F-11D3-BF4B-00C04F79EFBC}") = "BotTest", "BotTest\BotTest.csproj", "{B9038C06-C59A-4E10-9DF4-99BA9DB43F89}"
EndProject
Project("{FAE04EC0-301F-11D3-BF4B-00C04F79EFBC}") = "AzureDrake.Bot", "AzureDrake.Bot\AzureDrake.Bot.csproj", "{22B1D38A-8C5D-468E-85C2-D6F7794559A2}"
EndProject
Project("{FAE04EC0-301F-11D3-BF4B-00C04F79EFBC}") = "AzureDrake.Phone", "AzureDrake.Phone\AzureDrake.Phone.csproj", "{1E42B5AE-2699-417E-BAB7-BB3CF8ED0069}"
EndProject
Global
	GlobalSection(SolutionConfigurationPlatforms) = preSolution
		Debug|Any CPU = Debug|Any CPU
		Debug|ARM = Debug|ARM
		Debug|ARM64 = Debug|ARM64
		Debug|x64 = Debug|x64
		Debug|x86 = Debug|x86
		Release|Any CPU = Release|Any CPU
		Release|ARM = Release|ARM
		Release|ARM64 = Release|ARM64
		Release|x64 = Release|x64
		Release|x86 = Release|x86
	EndGlobalSection
	GlobalSection(ProjectConfigurationPlatforms) = postSolution
		{B9038C06-C59A-4E10-9DF4-99BA9DB43F89}.Debug|Any CPU.ActiveCfg = Debug|Any CPU
		{B9038C06-C59A-4E10-9DF4-99BA9DB43F89}.Debug|Any CPU.Build.0 = Debug|Any CPU
		{B9038C06-C59A-4E10-9DF4-99BA9DB43F89}.Debug|ARM.ActiveCfg = Debug|Any CPU
		{B9038C06-C59A-4E10-9DF4-99BA9DB43F89}.Debug|ARM.Build.0 = Debug|Any CPU
		{B9038C06-C59A-4E10-9DF4-99BA9DB43F89}.Debug|ARM64.ActiveCfg = Debug|Any CPU
		{B9038C06-C59A-4E10-9DF4-99BA9DB43F89}.Debug|ARM64.Build.0 = Debug|Any CPU
		{B9038C06-C59A-4E10-9DF4-99BA9DB43F89}.Debug|x64.ActiveCfg = Debug|Any CPU
		{B9038C06-C59A-4E10-9DF4-99BA9DB43F89}.Debug|x64.Build.0 = Debug|Any CPU
		{B9038C06-C59A-4E10-9DF4-99BA9DB43F89}.Debug|x86.ActiveCfg = Debug|Any CPU
		{B9038C06-C59A-4E10-9DF4-99BA9DB43F89}.Debug|x86.Build.0 = Debug|Any CPU
		{B9038C06-C59A-4E10-9DF4-99BA9DB43F89}.Release|Any CPU.ActiveCfg = Release|Any CPU
		{B9038C06-C59A-4E10-9DF4-99BA9DB43F89}.Release|Any CPU.Build.0 = Release|Any CPU
		{B9038C06-C59A-4E10-9DF4-99BA9DB43F89}.Release|ARM.ActiveCfg = Release|Any CPU
		{B9038C06-C59A-4E10-9DF4-99BA9DB43F89}.Release|ARM.Build.0 = Release|Any CPU
		{B9038C06-C59A-4E10-9DF4-99BA9DB43F89}.Release|ARM64.ActiveCfg = Release|Any CPU
		{B9038C06-C59A-4E10-9DF4-99BA9DB43F89}.Release|ARM64.Build.0 = Release|Any CPU
		{B9038C06-C59A-4E10-9DF4-99BA9DB43F89}.Release|x64.ActiveCfg = Release|Any CPU
		{B9038C06-C59A-4E10-9DF4-99BA9DB43F89}.Release|x64.Build.0 = Release|Any CPU
		{B9038C06-C59A-4E10-9DF4-99BA9DB43F89}.Release|x86.ActiveCfg = Release|Any CPU
		{B9038C06-C59A-4E10-9DF4-99BA9DB43F89}.Release|x86.Build.0 = Release|Any CPU
		{22B1D38A-8C5D-468E-85C2-D6F7794559A2}.Debug|Any CPU.ActiveCfg = Debug|Any CPU
		{22B1D38A-8C5D-468E-85C2-D6F7794559A2}.Debug|Any CPU.Build.0 = Debug|Any CPU
		{22B1D38A-8C5D-468E-85C2-D6F7794559A2}.Debug|ARM.ActiveCfg = Debug|Any CPU
		{22B1D38A-8C5D-468E-85C2-D6F7794559A2}.Debug|ARM.Build.0 = Debug|Any CPU
		{22B1D38A-8C5D-468E-85C2-D6F7794559A2}.Debug|ARM64.ActiveCfg = Debug|Any CPU
		{22B1D38A-8C5D-468E-85C2-D6F7794559A2}.Debug|ARM64.Build.0 = Debug|Any CPU
		{22B1D38A-8C5D-468E-85C2-D6F7794559A2}.Debug|x64.ActiveCfg = Debug|Any CPU
		{22B1D38A-8C5D-468E-85C2-D6F7794559A2}.Debug|x64.Build.0 = Debug|Any CPU
		{22B1D38A-8C5D-468E-85C2-D6F7794559A2}.Debug|x86.ActiveCfg = Debug|Any CPU
		{22B1D38A-8C5D-468E-85C2-D6F7794559A2}.Debug|x86.Build.0 = Debug|Any CPU
		{22B1D38A-8C5D-468E-85C2-D6F7794559A2}.Release|Any CPU.ActiveCfg = Release|Any CPU
		{22B1D38A-8C5D-468E-85C2-D6F7794559A2}.Release|Any CPU.Build.0 = Release|Any CPU
		{22B1D38A-8C5D-468E-85C2-D6F7794559A2}.Release|ARM.ActiveCfg = Release|Any CPU
		{22B1D38A-8C5D-468E-85C2-D6F7794559A2}.Release|ARM.Build.0 = Release|Any CPU
		{22B1D38A-8C5D-468E-85C2-D6F7794559A2}.Release|ARM64.ActiveCfg = Release|Any CPU
		{22B1D38A-8C5D-468E-85C2-D6F7794559A2}.Release|ARM64.Build.0 = Release|Any CPU
		{22B1D38A-8C5D-468E-85C2-D6F7794559A2}.Release|x64.ActiveCfg = Release|Any CPU
		{22B1D38A-8C5D-468E-85C2-D6F7794559A2}.Release|x64.Build.0 = Release|Any CPU
		{22B1D38A-8C5D-468E-85C2-D6F7794559A2}.Release|x86.ActiveCfg = Release|Any CPU
		{22B1D38A-8C5D-468E-85C2-D6F7794559A2}.Release|x86.Build.0 = Release|Any CPU
		{1E42B5AE-2699-417E-BAB7-BB3CF8ED0069}.Debug|Any CPU.ActiveCfg = Debug|Any CPU
		{1E42B5AE-2699-417E-BAB7-BB3CF8ED0069}.Debug|Any CPU.Build.0 = Debug|Any CPU
		{1E42B5AE-2699-417E-BAB7-BB3CF8ED0069}.Debug|Any CPU.Deploy.0 = Debug|Any CPU
		{1E42B5AE-2699-417E-BAB7-BB3CF8ED0069}.Debug|ARM.ActiveCfg = Debug|Any CPU
		{1E42B5AE-2699-417E-BAB7-BB3CF8ED0069}.Debug|ARM.Build.0 = Debug|Any CPU
		{1E42B5AE-2699-417E-BAB7-BB3CF8ED0069}.Debug|ARM.Deploy.0 = Debug|Any CPU
		{1E42B5AE-2699-417E-BAB7-BB3CF8ED0069}.Debug|ARM64.ActiveCfg = Debug|Any CPU
		{1E42B5AE-2699-417E-BAB7-BB3CF8ED0069}.Debug|ARM64.Build.0 = Debug|Any CPU
		{1E42B5AE-2699-417E-BAB7-BB3CF8ED0069}.Debug|ARM64.Deploy.0 = Debug|Any CPU
		{1E42B5AE-2699-417E-BAB7-BB3CF8ED0069}.Debug|x64.ActiveCfg = Debug|Any CPU
		{1E42B5AE-2699-417E-BAB7-BB3CF8ED0069}.Debug|x64.Build.0 = Debug|Any CPU
		{1E42B5AE-2699-417E-BAB7-BB3CF8ED0069}.Debug|x64.Deploy.0 = Debug|Any CPU
		{1E42B5AE-2699-417E-BAB7-BB3CF8ED0069}.Debug|x86.ActiveCfg = Debug|Any CPU
		{1E42B5AE-2699-417E-BAB7-BB3CF8ED0069}.Debug|x86.Build.0 = Debug|Any CPU
		{1E42B5AE-2699-417E-BAB7-BB3CF8ED0069}.Debug|x86.Deploy.0 = Debug|Any CPU
		{1E42B5AE-2699-417E-BAB7-BB3CF8ED0069}.Release|Any CPU.ActiveCfg = Release|Any CPU
		{1E42B5AE-2699-417E-BAB7-BB3CF8ED0069}.Release|Any CPU.Build.0 = Release|Any CPU
		{1E42B5AE-2699-417E-BAB7-BB3CF8ED0069}.Release|Any CPU.Deploy.0 = Release|Any CPU
		{1E42B5AE-2699-417E-BAB7-BB3CF8ED0069}.Release|ARM.ActiveCfg = Release|Any CPU
		{1E42B5AE-2699-417E-BAB7-BB3CF8ED0069}.Release|ARM.Build.0 = Release|Any CPU
		{1E42B5AE-2699-417E-BAB7-BB3CF8ED0069}.Release|ARM.Deploy.0 = Release|Any CPU
		{1E42B5AE-2699-417E-BAB7-BB3CF8ED0069}.Release|ARM64.ActiveCfg = Release|Any CPU
		{1E42B5AE-2699-417E-BAB7-BB3CF8ED0069}.Release|ARM64.Build.0 = Release|Any CPU
		{1E42B5AE-2699-417E-BAB7-BB3CF8ED0069}.Release|ARM64.Deploy.0 = Release|Any CPU
		{1E42B5AE-2699-417E-BAB7-BB3CF8ED0069}.Release|x64.ActiveCfg = Release|Any CPU
		{1E42B5AE-2699-417E-BAB7-BB3CF8ED0069}.Release|x64.Build.0 = Release|Any CPU
		{1E42B5AE-2699-417E-BAB7-BB3CF8ED0069}.Release|x64.Deploy.0 = Release|Any CPU
		{1E42B5AE-2699-417E-BAB7-BB3CF8ED0069}.Release|x86.ActiveCfg = Release|Any CPU
		{1E42B5AE-2699-417E-BAB7-BB3CF8ED0069}.Release|x86.Build.0 = Release|Any CPU
		{1E42B5AE-2699-417E-BAB7-BB3CF8ED0069}.Release|x86.Deploy.0 = Release|Any CPU
	EndGlobalSection
	GlobalSection(SolutionProperties) = preSolution
		HideSolutionNode = FALSE
	EndGlobalSection
	GlobalSection(ExtensibilityGlobals) = postSolution
		SolutionGuid = {FC8AA166-6332-4262-BB71-ADF8DA984914}
	EndGlobalSection
EndGlobal
